
Microsoft Visual Studio Solution File, Format Version 12.00
# Visual Studio Version 16
VisualStudioVersion = 16.0.30611.23
MinimumVisualStudioVersion = 10.0.40219.1
Project("{FAE04EC0-301F-11D3-BF4B-00C04F79EFBC}") = "Employee107", "Employee107.csproj", "{007EE864-2507-4601-8557-AC831AA78691}"
EndProject
Global
	GlobalSection(SolutionConfigurationPlatforms) = preSolution
		Debug|Any CPU = Debug|Any CPU
		Release|Any CPU = Release|Any CPU
	EndGlobalSection
	GlobalSection(ProjectConfigurationPlatforms) = postSolution
		{007EE864-2507-4601-8557-AC831AA78691}.Debug|Any CPU.ActiveCfg = Debug|Any CPU
		{007EE864-2507-4601-8557-AC831AA78691}.Debug|Any CPU.Build.0 = Debug|Any CPU
		{007EE864-2507-4601-8557-AC831AA78691}.Release|Any CPU.ActiveCfg = Release|Any CPU
		{007EE864-2507-4601-8557-AC831AA78691}.Release|Any CPU.Build.0 = Release|Any CPU
	EndGlobalSection
	GlobalSection(SolutionProperties) = preSolution
		HideSolutionNode = FALSE
	EndGlobalSection
	GlobalSection(ExtensibilityGlobals) = postSolution
		SolutionGuid = {F62CCAB6-203B-43D0-B319-57B126D8C70D}
	EndGlobalSection
EndGlobal
